// !$*UTF8*$!
{
	archiveVersion = 1;
	classes = {
	};
	objectVersion = 55;
	objects = {

/* Begin PBXBuildFile section */
		BAAA1EA32808A1EB00351612 /* GithubTestApp.swift in Sources */ = {isa = PBXBuildFile; fileRef = BAAA1EA22808A1EB00351612 /* GithubTestApp.swift */; };
		BAAA1EA52808A1EB00351612 /* ContentView.swift in Sources */ = {isa = PBXBuildFile; fileRef = BAAA1EA42808A1EB00351612 /* ContentView.swift */; };
		BAAA1EA72808A1EF00351612 /* Assets.xcassets in Resources */ = {isa = PBXBuildFile; fileRef = BAAA1EA62808A1EF00351612 /* Assets.xcassets */; };
		BAAA1EAA2808A1EF00351612 /* Preview Assets.xcassets in Resources */ = {isa = PBXBuildFile; fileRef = BAAA1EA92808A1EF00351612 /* Preview Assets.xcassets */; };
		BAAA1EB42808A1EF00351612 /* GithubTestTests.swift in Sources */ = {isa = PBXBuildFile; fileRef = BAAA1EB32808A1EF00351612 /* GithubTestTests.swift */; };
		BAAA1EBE2808A1EF00351612 /* GithubTestUITests.swift in Sources */ = {isa = PBXBuildFile; fileRef = BAAA1EBD2808A1EF00351612 /* GithubTestUITests.swift */; };
		BAAA1EC02808A1EF00351612 /* GithubTestUITestsLaunchTests.swift in Sources */ = {isa = PBXBuildFile; fileRef = BAAA1EBF2808A1EF00351612 /* GithubTestUITestsLaunchTests.swift */; };
/* End PBXBuildFile section */

/* Begin PBXContainerItemProxy section */
		BAAA1EB02808A1EF00351612 /* PBXContainerItemProxy */ = {
			isa = PBXContainerItemProxy;
			containerPortal = BAAA1E972808A1EA00351612 /* Project object */;
			proxyType = 1;
			remoteGlobalIDString = BAAA1E9E2808A1EA00351612;
			remoteInfo = GithubTest;
		};
		BAAA1EBA2808A1EF00351612 /* PBXContainerItemProxy */ = {
			isa = PBXContainerItemProxy;
			containerPortal = BAAA1E972808A1EA00351612 /* Project object */;
			proxyType = 1;
			remoteGlobalIDString = BAAA1E9E2808A1EA00351612;
			remoteInfo = GithubTest;
		};
/* End PBXContainerItemProxy section */

/* Begin PBXFileReference section */
		BAAA1E9F2808A1EB00351612 /* GithubTest.app */ = {isa = PBXFileReference; explicitFileType = wrapper.application; includeInIndex = 0; path = GithubTest.app; sourceTree = BUILT_PRODUCTS_DIR; };
		BAAA1EA22808A1EB00351612 /* GithubTestApp.swift */ = {isa = PBXFileReference; lastKnownFileType = sourcecode.swift; path = GithubTestApp.swift; sourceTree = "<group>"; };
		BAAA1EA42808A1EB00351612 /* ContentView.swift */ = {isa = PBXFileReference; lastKnownFileType = sourcecode.swift; path = ContentView.swift; sourceTree = "<group>"; };
		BAAA1EA62808A1EF00351612 /* Assets.xcassets */ = {isa = PBXFileReference; lastKnownFileType = folder.assetcatalog; path = Assets.xcassets; sourceTree = "<group>"; };
		BAAA1EA92808A1EF00351612 /* Preview Assets.xcassets */ = {isa = PBXFileReference; lastKnownFileType = folder.assetcatalog; path = "Preview Assets.xcassets"; sourceTree = "<group>"; };
		BAAA1EAF2808A1EF00351612 /* GithubTestTests.xctest */ = {isa = PBXFileReference; explicitFileType = wrapper.cfbundle; includeInIndex = 0; path = GithubTestTests.xctest; sourceTree = BUILT_PRODUCTS_DIR; };
		BAAA1EB32808A1EF00351612 /* GithubTestTests.swift */ = {isa = PBXFileReference; lastKnownFileType = sourcecode.swift; path = GithubTestTests.swift; sourceTree = "<group>"; };
		BAAA1EB92808A1EF00351612 /* GithubTestUITests.xctest */ = {isa = PBXFileReference; explicitFileType = wrapper.cfbundle; includeInIndex = 0; path = GithubTestUITests.xctest; sourceTree = BUILT_PRODUCTS_DIR; };
		BAAA1EBD2808A1EF00351612 /* GithubTestUITests.swift */ = {isa = PBXFileReference; lastKnownFileType = sourcecode.swift; path = GithubTestUITests.swift; sourceTree = "<group>"; };
		BAAA1EBF2808A1EF00351612 /* GithubTestUITestsLaunchTests.swift */ = {isa = PBXFileReference; lastKnownFileType = sourcecode.swift; path = GithubTestUITestsLaunchTests.swift; sourceTree = "<group>"; };
/* End PBXFileReference section */

/* Begin PBXFrameworksBuildPhase section */
		BAAA1E9C2808A1EA00351612 /* Frameworks */ = {
			isa = PBXFrameworksBuildPhase;
			buildActionMask = 2147483647;
			files = (
			);
			runOnlyForDeploymentPostprocessing = 0;
		};
		BAAA1EAC2808A1EF00351612 /* Frameworks */ = {
			isa = PBXFrameworksBuildPhase;
			buildActionMask = 2147483647;
			files = (
			);
			runOnlyForDeploymentPostprocessing = 0;
		};
		BAAA1EB62808A1EF00351612 /* Frameworks */ = {
			isa = PBXFrameworksBuildPhase;
			buildActionMask = 2147483647;
			files = (
			);
			runOnlyForDeploymentPostprocessing = 0;
		};
/* End PBXFrameworksBuildPhase section */

/* Begin PBXGroup section */
		BAAA1E962808A1EA00351612 = {
			isa = PBXGroup;
			children = (
				BAAA1EA12808A1EB00351612 /* GithubTest */,
				BAAA1EB22808A1EF00351612 /* GithubTestTests */,
				BAAA1EBC2808A1EF00351612 /* GithubTestUITests */,
				BAAA1EA02808A1EB00351612 /* Products */,
			);
			sourceTree = "<group>";
		};
		BAAA1EA02808A1EB00351612 /* Products */ = {
			isa = PBXGroup;
			children = (
				BAAA1E9F2808A1EB00351612 /* GithubTest.app */,
				BAAA1EAF2808A1EF00351612 /* GithubTestTests.xctest */,
				BAAA1EB92808A1EF00351612 /* GithubTestUITests.xctest */,
			);
			name = Products;
			sourceTree = "<group>";
		};
		BAAA1EA12808A1EB00351612 /* GithubTest */ = {
			isa = PBXGroup;
			children = (
				BAAA1EA22808A1EB00351612 /* GithubTestApp.swift */,
				BAAA1EA42808A1EB00351612 /* ContentView.swift */,
				BAAA1EA62808A1EF00351612 /* Assets.xcassets */,
				BAAA1EA82808A1EF00351612 /* Preview Content */,
			);
			path = GithubTest;
			sourceTree = "<group>";
		};
		BAAA1EA82808A1EF00351612 /* Preview Content */ = {
			isa = PBXGroup;
			children = (
				BAAA1EA92808A1EF00351612 /* Preview Assets.xcassets */,
			);
			path = "Preview Content";
			sourceTree = "<group>";
		};
		BAAA1EB22808A1EF00351612 /* GithubTestTests */ = {
			isa = PBXGroup;
			children = (
				BAAA1EB32808A1EF00351612 /* GithubTestTests.swift */,
			);
			path = GithubTestTests;
			sourceTree = "<group>";
		};
		BAAA1EBC2808A1EF00351612 /* GithubTestUITests */ = {
			isa = PBXGroup;
			children = (
				BAAA1EBD2808A1EF00351612 /* GithubTestUITests.swift */,
				BAAA1EBF2808A1EF00351612 /* GithubTestUITestsLaunchTests.swift */,
			);
			path = GithubTestUITests;
			sourceTree = "<group>";
		};
/* End PBXGroup section */

/* Begin PBXNativeTarget section */
		BAAA1E9E2808A1EA00351612 /* GithubTest */ = {
			isa = PBXNativeTarget;
			buildConfigurationList = BAAA1EC32808A1EF00351612 /* Build configuration list for PBXNativeTarget "GithubTest" */;
			buildPhases = (
				BAAA1E9B2808A1EA00351612 /* Sources */,
				BAAA1E9C2808A1EA00351612 /* Frameworks */,
				BAAA1E9D2808A1EA00351612 /* Resources */,
			);
			buildRules = (
			);
			dependencies = (
			);
			name = GithubTest;
			productName = GithubTest;
			productReference = BAAA1E9F2808A1EB00351612 /* GithubTest.app */;
			productType = "com.apple.product-type.application";
		};
		BAAA1EAE2808A1EF00351612 /* GithubTestTests */ = {
			isa = PBXNativeTarget;
			buildConfigurationList = BAAA1EC62808A1EF00351612 /* Build configuration list for PBXNativeTarget "GithubTestTests" */;
			buildPhases = (
				BAAA1EAB2808A1EF00351612 /* Sources */,
				BAAA1EAC2808A1EF00351612 /* Frameworks */,
				BAAA1EAD2808A1EF00351612 /* Resources */,
			);
			buildRules = (
			);
			dependencies = (
				BAAA1EB12808A1EF00351612 /* PBXTargetDependency */,
			);
			name = GithubTestTests;
			productName = GithubTestTests;
			productReference = BAAA1EAF2808A1EF00351612 /* GithubTestTests.xctest */;
			productType = "com.apple.product-type.bundle.unit-test";
		};
		BAAA1EB82808A1EF00351612 /* GithubTestUITests */ = {
			isa = PBXNativeTarget;
			buildConfigurationList = BAAA1EC92808A1EF00351612 /* Build configuration list for PBXNativeTarget "GithubTestUITests" */;
			buildPhases = (
				BAAA1EB52808A1EF00351612 /* Sources */,
				BAAA1EB62808A1EF00351612 /* Frameworks */,
				BAAA1EB72808A1EF00351612 /* Resources */,
			);
			buildRules = (
			);
			dependencies = (
				BAAA1EBB2808A1EF00351612 /* PBXTargetDependency */,
			);
			name = GithubTestUITests;
			productName = GithubTestUITests;
			productReference = BAAA1EB92808A1EF00351612 /* GithubTestUITests.xctest */;
			productType = "com.apple.product-type.bundle.ui-testing";
		};
/* End PBXNativeTarget section */

/* Begin PBXProject section */
		BAAA1E972808A1EA00351612 /* Project object */ = {
			isa = PBXProject;
			attributes = {
				BuildIndependentTargetsInParallel = 1;
				LastSwiftUpdateCheck = 1330;
				LastUpgradeCheck = 1330;
				TargetAttributes = {
					BAAA1E9E2808A1EA00351612 = {
						CreatedOnToolsVersion = 13.3.1;
					};
					BAAA1EAE2808A1EF00351612 = {
						CreatedOnToolsVersion = 13.3.1;
						TestTargetID = BAAA1E9E2808A1EA00351612;
					};
					BAAA1EB82808A1EF00351612 = {
						CreatedOnToolsVersion = 13.3.1;
						TestTargetID = BAAA1E9E2808A1EA00351612;
					};
				};
			};
			buildConfigurationList = BAAA1E9A2808A1EA00351612 /* Build configuration list for PBXProject "GithubTest" */;
			compatibilityVersion = "Xcode 13.0";
			developmentRegion = en;
			hasScannedForEncodings = 0;
			knownRegions = (
				en,
				Base,
			);
			mainGroup = BAAA1E962808A1EA00351612;
			productRefGroup = BAAA1EA02808A1EB00351612 /* Products */;
			projectDirPath = "";
			projectRoot = "";
			targets = (
				BAAA1E9E2808A1EA00351612 /* GithubTest */,
				BAAA1EAE2808A1EF00351612 /* GithubTestTests */,
				BAAA1EB82808A1EF00351612 /* GithubTestUITests */,
			);
		};
/* End PBXProject section */

/* Begin PBXResourcesBuildPhase section */
		BAAA1E9D2808A1EA00351612 /* Resources */ = {
			isa = PBXResourcesBuildPhase;
			buildActionMask = 2147483647;
			files = (
				BAAA1EAA2808A1EF00351612 /* Preview Assets.xcassets in Resources */,
				BAAA1EA72808A1EF00351612 /* Assets.xcassets in Resources */,
			);
			runOnlyForDeploymentPostprocessing = 0;
		};
		BAAA1EAD2808A1EF00351612 /* Resources */ = {
			isa = PBXResourcesBuildPhase;
			buildActionMask = 2147483647;
			files = (
			);
			runOnlyForDeploymentPostprocessing = 0;
		};
		BAAA1EB72808A1EF00351612 /* Resources */ = {
			isa = PBXResourcesBuildPhase;
			buildActionMask = 2147483647;
			files = (
			);
			runOnlyForDeploymentPostprocessing = 0;
		};
/* End PBXResourcesBuildPhase section */

/* Begin PBXSourcesBuildPhase section */
		BAAA1E9B2808A1EA00351612 /* Sources */ = {
			isa = PBXSourcesBuildPhase;
			buildActionMask = 2147483647;
			files = (
				BAAA1EA52808A1EB00351612 /* ContentView.swift in Sources */,
				BAAA1EA32808A1EB00351612 /* GithubTestApp.swift in Sources */,
			);
			runOnlyForDeploymentPostprocessing = 0;
		};
		BAAA1EAB2808A1EF00351612 /* Sources */ = {
			isa = PBXSourcesBuildPhase;
			buildActionMask = 2147483647;
			files = (
				BAAA1EB42808A1EF00351612 /* GithubTestTests.swift in Sources */,
			);
			runOnlyForDeploymentPostprocessing = 0;
		};
		BAAA1EB52808A1EF00351612 /* Sources */ = {
			isa = PBXSourcesBuildPhase;
			buildActionMask = 2147483647;
			files = (
				BAAA1EBE2808A1EF00351612 /* GithubTestUITests.swift in Sources */,
				BAAA1EC02808A1EF00351612 /* GithubTestUITestsLaunchTests.swift in Sources */,
			);
			runOnlyForDeploymentPostprocessing = 0;
		};
/* End PBXSourcesBuildPhase section */

/* Begin PBXTargetDependency section */
		BAAA1EB12808A1EF00351612 /* PBXTargetDependency */ = {
			isa = PBXTargetDependency;
			target = BAAA1E9E2808A1EA00351612 /* GithubTest */;
			targetProxy = BAAA1EB02808A1EF00351612 /* PBXContainerItemProxy */;
		};
		BAAA1EBB2808A1EF00351612 /* PBXTargetDependency */ = {
			isa = PBXTargetDependency;
			target = BAAA1E9E2808A1EA00351612 /* GithubTest */;
			targetProxy = BAAA1EBA2808A1EF00351612 /* PBXContainerItemProxy */;
		};
/* End PBXTargetDependency section */

/* Begin XCBuildConfiguration section */
		BAAA1EC12808A1EF00351612 /* Debug */ = {
			isa = XCBuildConfiguration;
			buildSettings = {
				ALWAYS_SEARCH_USER_PATHS = NO;
				CLANG_ANALYZER_NONNULL = YES;
				CLANG_ANALYZER_NUMBER_OBJECT_CONVERSION = YES_AGGRESSIVE;
				CLANG_CXX_LANGUAGE_STANDARD = "gnu++17";
				CLANG_ENABLE_MODULES = YES;
				CLANG_ENABLE_OBJC_ARC = YES;
				CLANG_ENABLE_OBJC_WEAK = YES;
				CLANG_WARN_BLOCK_CAPTURE_AUTORELEASING = YES;
				CLANG_WARN_BOOL_CONVERSION = YES;
				CLANG_WARN_COMMA = YES;
				CLANG_WARN_CONSTANT_CONVERSION = YES;
				CLANG_WARN_DEPRECATED_OBJC_IMPLEMENTATIONS = YES;
				CLANG_WARN_DIRECT_OBJC_ISA_USAGE = YES_ERROR;
				CLANG_WARN_DOCUMENTATION_COMMENTS = YES;
				CLANG_WARN_EMPTY_BODY = YES;
				CLANG_WARN_ENUM_CONVERSION = YES;
				CLANG_WARN_INFINITE_RECURSION = YES;
				CLANG_WARN_INT_CONVERSION = YES;
				CLANG_WARN_NON_LITERAL_NULL_CONVERSION = YES;
				CLANG_WARN_OBJC_IMPLICIT_RETAIN_SELF = YES;
				CLANG_WARN_OBJC_LITERAL_CONVERSION = YES;
				CLANG_WARN_OBJC_ROOT_CLASS = YES_ERROR;
				CLANG_WARN_QUOTED_INCLUDE_IN_FRAMEWORK_HEADER = YES;
				CLANG_WARN_RANGE_LOOP_ANALYSIS = YES;
				CLANG_WARN_STRICT_PROTOTYPES = YES;
				CLANG_WARN_SUSPICIOUS_MOVE = YES;
				CLANG_WARN_UNGUARDED_AVAILABILITY = YES_AGGRESSIVE;
				CLANG_WARN_UNREACHABLE_CODE = YES;
				CLANG_WARN__DUPLICATE_METHOD_MATCH = YES;
				COPY_PHASE_STRIP = NO;
				DEBUG_INFORMATION_FORMAT = dwarf;
				ENABLE_STRICT_OBJC_MSGSEND = YES;
				ENABLE_TESTABILITY = YES;
				GCC_C_LANGUAGE_STANDARD = gnu11;
				GCC_DYNAMIC_NO_PIC = NO;
				GCC_NO_COMMON_BLOCKS = YES;
				GCC_OPTIMIZATION_LEVEL = 0;
				GCC_PREPROCESSOR_DEFINITIONS = (
					"DEBUG=1",
					"$(inherited)",
				);
				GCC_WARN_64_TO_32_BIT_CONVERSION = YES;
				GCC_WARN_ABOUT_RETURN_TYPE = YES_ERROR;
				GCC_WARN_UNDECLARED_SELECTOR = YES;
				GCC_WARN_UNINITIALIZED_AUTOS = YES_AGGRESSIVE;
				GCC_WARN_UNUSED_FUNCTION = YES;
				GCC_WARN_UNUSED_VARIABLE = YES;
				IPHONEOS_DEPLOYMENT_TARGET = 15.4;
				MTL_ENABLE_DEBUG_INFO = INCLUDE_SOURCE;
				MTL_FAST_MATH = YES;
				ONLY_ACTIVE_ARCH = YES;
				SDKROOT = iphoneos;
				SWIFT_ACTIVE_COMPILATION_CONDITIONS = DEBUG;
				SWIFT_OPTIMIZATION_LEVEL = "-Onone";
			};
			name = Debug;
		};
		BAAA1EC22808A1EF00351612 /* Release */ = {
			isa = XCBuildConfiguration;
			buildSettings = {
				ALWAYS_SEARCH_USER_PATHS = NO;
				CLANG_ANALYZER_NONNULL = YES;
				CLANG_ANALYZER_NUMBER_OBJECT_CONVERSION = YES_AGGRESSIVE;
				CLANG_CXX_LANGUAGE_STANDARD = "gnu++17";
				CLANG_ENABLE_MODULES = YES;
				CLANG_ENABLE_OBJC_ARC = YES;
				CLANG_ENABLE_OBJC_WEAK = YES;
				CLANG_WARN_BLOCK_CAPTURE_AUTORELEASING = YES;
				CLANG_WARN_BOOL_CONVERSION = YES;
				CLANG_WARN_COMMA = YES;
				CLANG_WARN_CONSTANT_CONVERSION = YES;
				CLANG_WARN_DEPRECATED_OBJC_IMPLEMENTATIONS = YES;
				CLANG_WARN_DIRECT_OBJC_ISA_USAGE = YES_ERROR;
				CLANG_WARN_DOCUMENTATION_COMMENTS = YES;
				CLANG_WARN_EMPTY_BODY = YES;
				CLANG_WARN_ENUM_CONVERSION = YES;
				CLANG_WARN_INFINITE_RECURSION = YES;
				CLANG_WARN_INT_CONVERSION = YES;
				CLANG_WARN_NON_LITERAL_NULL_CONVERSION = YES;
				CLANG_WARN_OBJC_IMPLICIT_RETAIN_SELF = YES;
				CLANG_WARN_OBJC_LITERAL_CONVERSION = YES;
				CLANG_WARN_OBJC_ROOT_CLASS = YES_ERROR;
				CLANG_WARN_QUOTED_INCLUDE_IN_FRAMEWORK_HEADER = YES;
				CLANG_WARN_RANGE_LOOP_ANALYSIS = YES;
				CLANG_WARN_STRICT_PROTOTYPES = YES;
				CLANG_WARN_SUSPICIOUS_MOVE = YES;
				CLANG_WARN_UNGUARDED_AVAILABILITY = YES_AGGRESSIVE;
				CLANG_WARN_UNREACHABLE_CODE = YES;
				CLANG_WARN__DUPLICATE_METHOD_MATCH = YES;
				COPY_PHASE_STRIP = NO;
				DEBUG_INFORMATION_FORMAT = "dwarf-with-dsym";
				ENABLE_NS_ASSERTIONS = NO;
				ENABLE_STRICT_OBJC_MSGSEND = YES;
				GCC_C_LANGUAGE_STANDARD = gnu11;
				GCC_NO_COMMON_BLOCKS = YES;
				GCC_WARN_64_TO_32_BIT_CONVERSION = YES;
				GCC_WARN_ABOUT_RETURN_TYPE = YES_ERROR;
				GCC_WARN_UNDECLARED_SELECTOR = YES;
				GCC_WARN_UNINITIALIZED_AUTOS = YES_AGGRESSIVE;
				GCC_WARN_UNUSED_FUNCTION = YES;
				GCC_WARN_UNUSED_VARIABLE = YES;
				IPHONEOS_DEPLOYMENT_TARGET = 15.4;
				MTL_ENABLE_DEBUG_INFO = NO;
				MTL_FAST_MATH = YES;
				SDKROOT = iphoneos;
				SWIFT_COMPILATION_MODE = wholemodule;
				SWIFT_OPTIMIZATION_LEVEL = "-O";
				VALIDATE_PRODUCT = YES;
			};
			name = Release;
		};
		BAAA1EC42808A1EF00351612 /* Debug */ = {
			isa = XCBuildConfiguration;
			buildSettings = {
				ASSETCATALOG_COMPILER_APPICON_NAME = AppIcon;
				ASSETCATALOG_COMPILER_GLOBAL_ACCENT_COLOR_NAME = AccentColor;
				CODE_SIGN_STYLE = Automatic;
				CURRENT_PROJECT_VERSION = 1;
				DEVELOPMENT_ASSET_PATHS = "\"GithubTest/Preview Content\"";
				DEVELOPMENT_TEAM = BR4H78C3XC;
				ENABLE_PREVIEWS = YES;
				GENERATE_INFOPLIST_FILE = YES;
				INFOPLIST_KEY_UIApplicationSceneManifest_Generation = YES;
				INFOPLIST_KEY_UIApplicationSupportsIndirectInputEvents = YES;
				INFOPLIST_KEY_UILaunchScreen_Generation = YES;
				INFOPLIST_KEY_UISupportedInterfaceOrientations_iPad = "UIInterfaceOrientationPortrait UIInterfaceOrientationPortraitUpsideDown UIInterfaceOrientationLandscapeLeft UIInterfaceOrientationLandscapeRight";
				INFOPLIST_KEY_UISupportedInterfaceOrientations_iPhone = "UIInterfaceOrientationPortrait UIInterfaceOrientationLandscapeLeft UIInterfaceOrientationLandscapeRight";
				LD_RUNPATH_SEARCH_PATHS = (
					"$(inherited)",
					"@executable_path/Frameworks",
				);
				MARKETING_VERSION = 1.0;
				PRODUCT_BUNDLE_IDENTIFIER = com.TwoTwenty8.GithubTest;
				PRODUCT_NAME = "$(TARGET_NAME)";
				SWIFT_EMIT_LOC_STRINGS = YES;
				SWIFT_VERSION = 5.0;
				TARGETED_DEVICE_FAMILY = "1,2";
			};
			name = Debug;
		};
		BAAA1EC52808A1EF00351612 /* Release */ = {
			isa = XCBuildConfiguration;
			buildSettings = {
				ASSETCATALOG_COMPILER_APPICON_NAME = AppIcon;
				ASSETCATALOG_COMPILER_GLOBAL_ACCENT_COLOR_NAME = AccentColor;
				CODE_SIGN_STYLE = Automatic;
				CURRENT_PROJECT_VERSION = 1;
				DEVELOPMENT_ASSET_PATHS = "\"GithubTest/Preview Content\"";
				DEVELOPMENT_TEAM = BR4H78C3XC;
				ENABLE_PREVIEWS = YES;
				GENERATE_INFOPLIST_FILE = YES;
				INFOPLIST_KEY_UIApplicationSceneManifest_Generation = YES;
				INFOPLIST_KEY_UIApplicationSupportsIndirectInputEvents = YES;
				INFOPLIST_KEY_UILaunchScreen_Generation = YES;
				INFOPLIST_KEY_UISupportedInterfaceOrientations_iPad = "UIInterfaceOrientationPortrait UIInterfaceOrientationPortraitUpsideDown UIInterfaceOrientationLandscapeLeft UIInterfaceOrientationLandscapeRight";
				INFOPLIST_KEY_UISupportedInterfaceOrientations_iPhone = "UIInterfaceOrientationPortrait UIInterfaceOrientationLandscapeLeft UIInterfaceOrientationLandscapeRight";
				LD_RUNPATH_SEARCH_PATHS = (
					"$(inherited)",
					"@executable_path/Frameworks",
				);
				MARKETING_VERSION = 1.0;
				PRODUCT_BUNDLE_IDENTIFIER = com.TwoTwenty8.GithubTest;
				PRODUCT_NAME = "$(TARGET_NAME)";
				SWIFT_EMIT_LOC_STRINGS = YES;
				SWIFT_VERSION = 5.0;
				TARGETED_DEVICE_FAMILY = "1,2";
			};
			name = Release;
		};
		BAAA1EC72808A1EF00351612 /* Debug */ = {
			isa = XCBuildConfiguration;
			buildSettings = {
				ALWAYS_EMBED_SWIFT_STANDARD_LIBRARIES = YES;
				BUNDLE_LOADER = "$(TEST_HOST)";
				CODE_SIGN_STYLE = Automatic;
				CURRENT_PROJECT_VERSION = 1;
				DEVELOPMENT_TEAM = BR4H78C3XC;
				GENERATE_INFOPLIST_FILE = YES;
				IPHONEOS_DEPLOYMENT_TARGET = 15.4;
				MARKETING_VERSION = 1.0;
				PRODUCT_BUNDLE_IDENTIFIER = com.TwoTwenty8.GithubTestTests;
				PRODUCT_NAME = "$(TARGET_NAME)";
				SWIFT_EMIT_LOC_STRINGS = NO;
				SWIFT_VERSION = 5.0;
				TARGETED_DEVICE_FAMILY = "1,2";
				TEST_HOST = "$(BUILT_PRODUCTS_DIR)/GithubTest.app/GithubTest";
			};
			name = Debug;
		};
		BAAA1EC82808A1EF00351612 /* Release */ = {
			isa = XCBuildConfiguration;
			buildSettings = {
				ALWAYS_EMBED_SWIFT_STANDARD_LIBRARIES = YES;
				BUNDLE_LOADER = "$(TEST_HOST)";
				CODE_SIGN_STYLE = Automatic;
				CURRENT_PROJECT_VERSION = 1;
				DEVELOPMENT_TEAM = BR4H78C3XC;
				GENERATE_INFOPLIST_FILE = YES;
				IPHONEOS_DEPLOYMENT_TARGET = 15.4;
				MARKETING_VERSION = 1.0;
				PRODUCT_BUNDLE_IDENTIFIER = com.TwoTwenty8.GithubTestTests;
				PRODUCT_NAME = "$(TARGET_NAME)";
				SWIFT_EMIT_LOC_STRINGS = NO;
				SWIFT_VERSION = 5.0;
				TARGETED_DEVICE_FAMILY = "1,2";
				TEST_HOST = "$(BUILT_PRODUCTS_DIR)/GithubTest.app/GithubTest";
			};
			name = Release;
		};
		BAAA1ECA2808A1EF00351612 /* Debug */ = {
			isa = XCBuildConfiguration;
			buildSettings = {
				ALWAYS_EMBED_SWIFT_STANDARD_LIBRARIES = YES;
				CODE_SIGN_STYLE = Automatic;
				CURRENT_PROJECT_VERSION = 1;
				DEVELOPMENT_TEAM = BR4H78C3XC;
				GENERATE_INFOPLIST_FILE = YES;
				MARKETING_VERSION = 1.0;
				PRODUCT_BUNDLE_IDENTIFIER = com.TwoTwenty8.GithubTestUITests;
				PRODUCT_NAME = "$(TARGET_NAME)";
				SWIFT_EMIT_LOC_STRINGS = NO;
				SWIFT_VERSION = 5.0;
				TARGETED_DEVICE_FAMILY = "1,2";
				TEST_TARGET_NAME = GithubTest;
			};
			name = Debug;
		};
		BAAA1ECB2808A1EF00351612 /* Release */ = {
			isa = XCBuildConfiguration;
			buildSettings = {
				ALWAYS_EMBED_SWIFT_STANDARD_LIBRARIES = YES;
				CODE_SIGN_STYLE = Automatic;
				CURRENT_PROJECT_VERSION = 1;
				DEVELOPMENT_TEAM = BR4H78C3XC;
				GENERATE_INFOPLIST_FILE = YES;
				MARKETING_VERSION = 1.0;
				PRODUCT_BUNDLE_IDENTIFIER = com.TwoTwenty8.GithubTestUITests;
				PRODUCT_NAME = "$(TARGET_NAME)";
				SWIFT_EMIT_LOC_STRINGS = NO;
				SWIFT_VERSION = 5.0;
				TARGETED_DEVICE_FAMILY = "1,2";
				TEST_TARGET_NAME = GithubTest;
			};
			name = Release;
		};
/* End XCBuildConfiguration section */

/* Begin XCConfigurationList section */
		BAAA1E9A2808A1EA00351612 /* Build configuration list for PBXProject "GithubTest" */ = {
			isa = XCConfigurationList;
			buildConfigurations = (
				BAAA1EC12808A1EF00351612 /* Debug */,
				BAAA1EC22808A1EF00351612 /* Release */,
			);
			defaultConfigurationIsVisible = 0;
			defaultConfigurationName = Release;
		};
		BAAA1EC32808A1EF00351612 /* Build configuration list for PBXNativeTarget "GithubTest" */ = {
			isa = XCConfigurationList;
			buildConfigurations = (
				BAAA1EC42808A1EF00351612 /* Debug */,
				BAAA1EC52808A1EF00351612 /* Release */,
			);
			defaultConfigurationIsVisible = 0;
			defaultConfigurationName = Release;
		};
		BAAA1EC62808A1EF00351612 /* Build configuration list for PBXNativeTarget "GithubTestTests" */ = {
			isa = XCConfigurationList;
			buildConfigurations = (
				BAAA1EC72808A1EF00351612 /* Debug */,
				BAAA1EC82808A1EF00351612 /* Release */,
			);
			defaultConfigurationIsVisible = 0;
			defaultConfigurationName = Release;
		};
		BAAA1EC92808A1EF00351612 /* Build configuration list for PBXNativeTarget "GithubTestUITests" */ = {
			isa = XCConfigurationList;
			buildConfigurations = (
				BAAA1ECA2808A1EF00351612 /* Debug */,
				BAAA1ECB2808A1EF00351612 /* Release */,
			);
			defaultConfigurationIsVisible = 0;
			defaultConfigurationName = Release;
		};
/* End XCConfigurationList section */
	};
	rootObject = BAAA1E972808A1EA00351612 /* Project object */;
}
